namespace GettingInput
{
    class Program
    {
        static void Main()
        {
            // Prompts the user for age and reprints it in a sentence
            Console.WriteLine("How old are you?");
            string input = Console.ReadLine();
            Console.WriteLine($"You are {input} years old!");
        }
    }
}
